// !$*UTF8*$!
{
	archiveVersion = 1;
	classes = {
	};
	objectVersion = 46;
	objects = {

/* Begin PBXBuildFile section */
		7FDF94711B84E31E00B3E07B /* SceneBadminton.swift in Sources */ = {isa = PBXBuildFile; fileRef = 7FDF94701B84E31E00B3E07B /* SceneBadminton.swift */; };
		7FDF947C1B865D2000B3E07B /* petecaB.png in Resources */ = {isa = PBXBuildFile; fileRef = 7FDF947A1B865D2000B3E07B /* petecaB.png */; };
		7FDF947D1B865D2000B3E07B /* raqueteBadminton.png in Resources */ = {isa = PBXBuildFile; fileRef = 7FDF947B1B865D2000B3E07B /* raqueteBadminton.png */; };
		AD8D8C181B865D3A00741BFB /* SwiftyJSON.swift in Sources */ = {isa = PBXBuildFile; fileRef = AD8D8C171B865D3A00741BFB /* SwiftyJSON.swift */; };
		AD8D8C1A1B865D5900741BFB /* Sports.json in Resources */ = {isa = PBXBuildFile; fileRef = AD8D8C191B865D5900741BFB /* Sports.json */; };
		AD8D8C1C1B865DA400741BFB /* AcessJSON.swift in Sources */ = {isa = PBXBuildFile; fileRef = AD8D8C1B1B865DA400741BFB /* AcessJSON.swift */; };
		AD8D8C1E1B87A82500741BFB /* RulesViewController.swift in Sources */ = {isa = PBXBuildFile; fileRef = AD8D8C1D1B87A82500741BFB /* RulesViewController.swift */; };
		AD8D8C201B87AC1E00741BFB /* RulesTableViewCell.swift in Sources */ = {isa = PBXBuildFile; fileRef = AD8D8C1F1B87AC1E00741BFB /* RulesTableViewCell.swift */; };
		ADA0B15A1B8399AD004634A7 /* AppDelegate.swift in Sources */ = {isa = PBXBuildFile; fileRef = ADA0B1591B8399AD004634A7 /* AppDelegate.swift */; };
		ADA0B15D1B8399AD004634A7 /* MiniChallange2.xcdatamodeld in Sources */ = {isa = PBXBuildFile; fileRef = ADA0B15B1B8399AD004634A7 /* MiniChallange2.xcdatamodeld */; };
		ADA0B15F1B8399AD004634A7 /* ViewController.swift in Sources */ = {isa = PBXBuildFile; fileRef = ADA0B15E1B8399AD004634A7 /* ViewController.swift */; };
		ADA0B1621B8399AD004634A7 /* Main.storyboard in Resources */ = {isa = PBXBuildFile; fileRef = ADA0B1601B8399AD004634A7 /* Main.storyboard */; };
		ADA0B1641B8399AD004634A7 /* Images.xcassets in Resources */ = {isa = PBXBuildFile; fileRef = ADA0B1631B8399AD004634A7 /* Images.xcassets */; };
		ADA0B1671B8399AD004634A7 /* LaunchScreen.xib in Resources */ = {isa = PBXBuildFile; fileRef = ADA0B1651B8399AD004634A7 /* LaunchScreen.xib */; };
		ADA0B1731B8399AD004634A7 /* MiniChallange2Tests.swift in Sources */ = {isa = PBXBuildFile; fileRef = ADA0B1721B8399AD004634A7 /* MiniChallange2Tests.swift */; };
/* End PBXBuildFile section */

/* Begin PBXContainerItemProxy section */
		ADA0B16D1B8399AD004634A7 /* PBXContainerItemProxy */ = {
			isa = PBXContainerItemProxy;
			containerPortal = ADA0B14C1B8399AD004634A7 /* Project object */;
			proxyType = 1;
			remoteGlobalIDString = ADA0B1531B8399AD004634A7;
			remoteInfo = MiniChallange2;
		};
/* End PBXContainerItemProxy section */

/* Begin PBXFileReference section */
		7FDF94701B84E31E00B3E07B /* SceneBadminton.swift */ = {isa = PBXFileReference; fileEncoding = 4; lastKnownFileType = sourcecode.swift; path = SceneBadminton.swift; sourceTree = "<group>"; };
		7FDF947A1B865D2000B3E07B /* petecaB.png */ = {isa = PBXFileReference; lastKnownFileType = image.png; path = petecaB.png; sourceTree = "<group>"; };
		7FDF947B1B865D2000B3E07B /* raqueteBadminton.png */ = {isa = PBXFileReference; lastKnownFileType = image.png; path = raqueteBadminton.png; sourceTree = "<group>"; };
		AD8D8C171B865D3A00741BFB /* SwiftyJSON.swift */ = {isa = PBXFileReference; fileEncoding = 4; lastKnownFileType = sourcecode.swift; path = SwiftyJSON.swift; sourceTree = "<group>"; };
		AD8D8C191B865D5900741BFB /* Sports.json */ = {isa = PBXFileReference; fileEncoding = 4; lastKnownFileType = text.json; path = Sports.json; sourceTree = "<group>"; };
		AD8D8C1B1B865DA400741BFB /* AcessJSON.swift */ = {isa = PBXFileReference; fileEncoding = 4; lastKnownFileType = sourcecode.swift; path = AcessJSON.swift; sourceTree = "<group>"; };
		AD8D8C1D1B87A82500741BFB /* RulesViewController.swift */ = {isa = PBXFileReference; fileEncoding = 4; lastKnownFileType = sourcecode.swift; path = RulesViewController.swift; sourceTree = "<group>"; };
		AD8D8C1F1B87AC1E00741BFB /* RulesTableViewCell.swift */ = {isa = PBXFileReference; fileEncoding = 4; lastKnownFileType = sourcecode.swift; path = RulesTableViewCell.swift; sourceTree = "<group>"; };
		ADA0B1541B8399AD004634A7 /* MiniChallange2.app */ = {isa = PBXFileReference; explicitFileType = wrapper.application; includeInIndex = 0; path = MiniChallange2.app; sourceTree = BUILT_PRODUCTS_DIR; };
		ADA0B1581B8399AD004634A7 /* Info.plist */ = {isa = PBXFileReference; lastKnownFileType = text.plist.xml; path = Info.plist; sourceTree = "<group>"; };
		ADA0B1591B8399AD004634A7 /* AppDelegate.swift */ = {isa = PBXFileReference; lastKnownFileType = sourcecode.swift; path = AppDelegate.swift; sourceTree = "<group>"; };
		ADA0B15C1B8399AD004634A7 /* MiniChallange2.xcdatamodel */ = {isa = PBXFileReference; lastKnownFileType = wrapper.xcdatamodel; path = MiniChallange2.xcdatamodel; sourceTree = "<group>"; };
		ADA0B15E1B8399AD004634A7 /* ViewController.swift */ = {isa = PBXFileReference; lastKnownFileType = sourcecode.swift; path = ViewController.swift; sourceTree = "<group>"; };
		ADA0B1611B8399AD004634A7 /* Base */ = {isa = PBXFileReference; lastKnownFileType = file.storyboard; name = Base; path = Base.lproj/Main.storyboard; sourceTree = "<group>"; };
		ADA0B1631B8399AD004634A7 /* Images.xcassets */ = {isa = PBXFileReference; lastKnownFileType = folder.assetcatalog; path = Images.xcassets; sourceTree = "<group>"; };
		ADA0B1661B8399AD004634A7 /* Base */ = {isa = PBXFileReference; lastKnownFileType = file.xib; name = Base; path = Base.lproj/LaunchScreen.xib; sourceTree = "<group>"; };
		ADA0B16C1B8399AD004634A7 /* MiniChallange2Tests.xctest */ = {isa = PBXFileReference; explicitFileType = wrapper.cfbundle; includeInIndex = 0; path = MiniChallange2Tests.xctest; sourceTree = BUILT_PRODUCTS_DIR; };
		ADA0B1711B8399AD004634A7 /* Info.plist */ = {isa = PBXFileReference; lastKnownFileType = text.plist.xml; path = Info.plist; sourceTree = "<group>"; };
		ADA0B1721B8399AD004634A7 /* MiniChallange2Tests.swift */ = {isa = PBXFileReference; lastKnownFileType = sourcecode.swift; path = MiniChallange2Tests.swift; sourceTree = "<group>"; };
/* End PBXFileReference section */

/* Begin PBXFrameworksBuildPhase section */
		ADA0B1511B8399AD004634A7 /* Frameworks */ = {
			isa = PBXFrameworksBuildPhase;
			buildActionMask = 2147483647;
			files = (
			);
			runOnlyForDeploymentPostprocessing = 0;
		};
		ADA0B1691B8399AD004634A7 /* Frameworks */ = {
			isa = PBXFrameworksBuildPhase;
			buildActionMask = 2147483647;
			files = (
			);
			runOnlyForDeploymentPostprocessing = 0;
		};
/* End PBXFrameworksBuildPhase section */

/* Begin PBXGroup section */
		ADA0B14B1B8399AD004634A7 = {
			isa = PBXGroup;
			children = (
				ADA0B1561B8399AD004634A7 /* MiniChallange2 */,
				ADA0B16F1B8399AD004634A7 /* MiniChallange2Tests */,
				ADA0B1551B8399AD004634A7 /* Products */,
			);
			sourceTree = "<group>";
		};
		ADA0B1551B8399AD004634A7 /* Products */ = {
			isa = PBXGroup;
			children = (
				ADA0B1541B8399AD004634A7 /* MiniChallange2.app */,
				ADA0B16C1B8399AD004634A7 /* MiniChallange2Tests.xctest */,
			);
			name = Products;
			sourceTree = "<group>";
		};
		ADA0B1561B8399AD004634A7 /* MiniChallange2 */ = {
			isa = PBXGroup;
			children = (
				ADA0B17E1B8399DC004634A7 /* Controller */,
				ADA0B17D1B8399D5004634A7 /* View */,
				ADA0B17C1B8399C9004634A7 /* Model */,
				ADA0B1591B8399AD004634A7 /* AppDelegate.swift */,
				ADA0B1651B8399AD004634A7 /* LaunchScreen.xib */,
				ADA0B15B1B8399AD004634A7 /* MiniChallange2.xcdatamodeld */,
				ADA0B1571B8399AD004634A7 /* Supporting Files */,
			);
			path = MiniChallange2;
			sourceTree = "<group>";
		};
		ADA0B1571B8399AD004634A7 /* Supporting Files */ = {
			isa = PBXGroup;
			children = (
				ADA0B1581B8399AD004634A7 /* Info.plist */,
			);
			name = "Supporting Files";
			sourceTree = "<group>";
		};
		ADA0B16F1B8399AD004634A7 /* MiniChallange2Tests */ = {
			isa = PBXGroup;
			children = (
				ADA0B1721B8399AD004634A7 /* MiniChallange2Tests.swift */,
				ADA0B1701B8399AD004634A7 /* Supporting Files */,
			);
			path = MiniChallange2Tests;
			sourceTree = "<group>";
		};
		ADA0B1701B8399AD004634A7 /* Supporting Files */ = {
			isa = PBXGroup;
			children = (
				ADA0B1711B8399AD004634A7 /* Info.plist */,
			);
			name = "Supporting Files";
			sourceTree = "<group>";
		};
		ADA0B17C1B8399C9004634A7 /* Model */ = {
			isa = PBXGroup;
			children = (
				AD8D8C171B865D3A00741BFB /* SwiftyJSON.swift */,
				AD8D8C191B865D5900741BFB /* Sports.json */,
				AD8D8C1B1B865DA400741BFB /* AcessJSON.swift */,
				7FDF947A1B865D2000B3E07B /* petecaB.png */,
				7FDF947B1B865D2000B3E07B /* raqueteBadminton.png */,
				ADA0B1631B8399AD004634A7 /* Images.xcassets */,
			);
			name = Model;
			sourceTree = "<group>";
		};
		ADA0B17D1B8399D5004634A7 /* View */ = {
			isa = PBXGroup;
			children = (
				ADA0B1601B8399AD004634A7 /* Main.storyboard */,
				AD8D8C1F1B87AC1E00741BFB /* RulesTableViewCell.swift */,
			);
			name = View;
			sourceTree = "<group>";
		};
		ADA0B17E1B8399DC004634A7 /* Controller */ = {
			isa = PBXGroup;
			children = (
				ADA0B15E1B8399AD004634A7 /* ViewController.swift */,
				AD8D8C1D1B87A82500741BFB /* RulesViewController.swift */,
				7FDF94701B84E31E00B3E07B /* SceneBadminton.swift */,
			);
			name = Controller;
			sourceTree = "<group>";
		};
/* End PBXGroup section */

/* Begin PBXNativeTarget section */
		ADA0B1531B8399AD004634A7 /* MiniChallange2 */ = {
			isa = PBXNativeTarget;
			buildConfigurationList = ADA0B1761B8399AD004634A7 /* Build configuration list for PBXNativeTarget "MiniChallange2" */;
			buildPhases = (
				ADA0B1501B8399AD004634A7 /* Sources */,
				ADA0B1511B8399AD004634A7 /* Frameworks */,
				ADA0B1521B8399AD004634A7 /* Resources */,
			);
			buildRules = (
			);
			dependencies = (
			);
			name = MiniChallange2;
			productName = MiniChallange2;
			productReference = ADA0B1541B8399AD004634A7 /* MiniChallange2.app */;
			productType = "com.apple.product-type.application";
		};
		ADA0B16B1B8399AD004634A7 /* MiniChallange2Tests */ = {
			isa = PBXNativeTarget;
			buildConfigurationList = ADA0B1791B8399AD004634A7 /* Build configuration list for PBXNativeTarget "MiniChallange2Tests" */;
			buildPhases = (
				ADA0B1681B8399AD004634A7 /* Sources */,
				ADA0B1691B8399AD004634A7 /* Frameworks */,
				ADA0B16A1B8399AD004634A7 /* Resources */,
			);
			buildRules = (
			);
			dependencies = (
				ADA0B16E1B8399AD004634A7 /* PBXTargetDependency */,
			);
			name = MiniChallange2Tests;
			productName = MiniChallange2Tests;
			productReference = ADA0B16C1B8399AD004634A7 /* MiniChallange2Tests.xctest */;
			productType = "com.apple.product-type.bundle.unit-test";
		};
/* End PBXNativeTarget section */

/* Begin PBXProject section */
		ADA0B14C1B8399AD004634A7 /* Project object */ = {
			isa = PBXProject;
			attributes = {
				LastUpgradeCheck = 0640;
				ORGANIZATIONNAME = VisaoHD;
				TargetAttributes = {
					ADA0B1531B8399AD004634A7 = {
						CreatedOnToolsVersion = 6.4;
					};
					ADA0B16B1B8399AD004634A7 = {
						CreatedOnToolsVersion = 6.4;
						TestTargetID = ADA0B1531B8399AD004634A7;
					};
				};
			};
			buildConfigurationList = ADA0B14F1B8399AD004634A7 /* Build configuration list for PBXProject "MiniChallange2" */;
			compatibilityVersion = "Xcode 3.2";
			developmentRegion = English;
			hasScannedForEncodings = 0;
			knownRegions = (
				en,
				Base,
			);
			mainGroup = ADA0B14B1B8399AD004634A7;
			productRefGroup = ADA0B1551B8399AD004634A7 /* Products */;
			projectDirPath = "";
			projectRoot = "";
			targets = (
				ADA0B1531B8399AD004634A7 /* MiniChallange2 */,
				ADA0B16B1B8399AD004634A7 /* MiniChallange2Tests */,
			);
		};
/* End PBXProject section */

/* Begin PBXResourcesBuildPhase section */
		ADA0B1521B8399AD004634A7 /* Resources */ = {
			isa = PBXResourcesBuildPhase;
			buildActionMask = 2147483647;
			files = (
				7FDF947D1B865D2000B3E07B /* raqueteBadminton.png in Resources */,
				ADA0B1621B8399AD004634A7 /* Main.storyboard in Resources */,
				ADA0B1671B8399AD004634A7 /* LaunchScreen.xib in Resources */,
				7FDF947C1B865D2000B3E07B /* petecaB.png in Resources */,
				ADA0B1641B8399AD004634A7 /* Images.xcassets in Resources */,
				AD8D8C1A1B865D5900741BFB /* Sports.json in Resources */,
			);
			runOnlyForDeploymentPostprocessing = 0;
		};
		ADA0B16A1B8399AD004634A7 /* Resources */ = {
			isa = PBXResourcesBuildPhase;
			buildActionMask = 2147483647;
			files = (
			);
			runOnlyForDeploymentPostprocessing = 0;
		};
/* End PBXResourcesBuildPhase section */

/* Begin PBXSourcesBuildPhase section */
		ADA0B1501B8399AD004634A7 /* Sources */ = {
			isa = PBXSourcesBuildPhase;
			buildActionMask = 2147483647;
			files = (
				AD8D8C1E1B87A82500741BFB /* RulesViewController.swift in Sources */,
				AD8D8C201B87AC1E00741BFB /* RulesTableViewCell.swift in Sources */,
				ADA0B15F1B8399AD004634A7 /* ViewController.swift in Sources */,
				AD8D8C1C1B865DA400741BFB /* AcessJSON.swift in Sources */,
				ADA0B15A1B8399AD004634A7 /* AppDelegate.swift in Sources */,
				7FDF94711B84E31E00B3E07B /* SceneBadminton.swift in Sources */,
				AD8D8C181B865D3A00741BFB /* SwiftyJSON.swift in Sources */,
				ADA0B15D1B8399AD004634A7 /* MiniChallange2.xcdatamodeld in Sources */,
			);
			runOnlyForDeploymentPostprocessing = 0;
		};
		ADA0B1681B8399AD004634A7 /* Sources */ = {
			isa = PBXSourcesBuildPhase;
			buildActionMask = 2147483647;
			files = (
				ADA0B1731B8399AD004634A7 /* MiniChallange2Tests.swift in Sources */,
			);
			runOnlyForDeploymentPostprocessing = 0;
		};
/* End PBXSourcesBuildPhase section */

/* Begin PBXTargetDependency section */
		ADA0B16E1B8399AD004634A7 /* PBXTargetDependency */ = {
			isa = PBXTargetDependency;
			target = ADA0B1531B8399AD004634A7 /* MiniChallange2 */;
			targetProxy = ADA0B16D1B8399AD004634A7 /* PBXContainerItemProxy */;
		};
/* End PBXTargetDependency section */

/* Begin PBXVariantGroup section */
		ADA0B1601B8399AD004634A7 /* Main.storyboard */ = {
			isa = PBXVariantGroup;
			children = (
				ADA0B1611B8399AD004634A7 /* Base */,
			);
			name = Main.storyboard;
			sourceTree = "<group>";
		};
		ADA0B1651B8399AD004634A7 /* LaunchScreen.xib */ = {
			isa = PBXVariantGroup;
			children = (
				ADA0B1661B8399AD004634A7 /* Base */,
			);
			name = LaunchScreen.xib;
			sourceTree = "<group>";
		};
/* End PBXVariantGroup section */

/* Begin XCBuildConfiguration section */
		ADA0B1741B8399AD004634A7 /* Debug */ = {
			isa = XCBuildConfiguration;
			buildSettings = {
				ALWAYS_SEARCH_USER_PATHS = NO;
				CLANG_CXX_LANGUAGE_STANDARD = "gnu++0x";
				CLANG_CXX_LIBRARY = "libc++";
				CLANG_ENABLE_MODULES = YES;
				CLANG_ENABLE_OBJC_ARC = YES;
				CLANG_WARN_BOOL_CONVERSION = YES;
				CLANG_WARN_CONSTANT_CONVERSION = YES;
				CLANG_WARN_DIRECT_OBJC_ISA_USAGE = YES_ERROR;
				CLANG_WARN_EMPTY_BODY = YES;
				CLANG_WARN_ENUM_CONVERSION = YES;
				CLANG_WARN_INT_CONVERSION = YES;
				CLANG_WARN_OBJC_ROOT_CLASS = YES_ERROR;
				CLANG_WARN_UNREACHABLE_CODE = YES;
				CLANG_WARN__DUPLICATE_METHOD_MATCH = YES;
				"CODE_SIGN_IDENTITY[sdk=iphoneos*]" = "iPhone Developer";
				COPY_PHASE_STRIP = NO;
				DEBUG_INFORMATION_FORMAT = "dwarf-with-dsym";
				ENABLE_STRICT_OBJC_MSGSEND = YES;
				GCC_C_LANGUAGE_STANDARD = gnu99;
				GCC_DYNAMIC_NO_PIC = NO;
				GCC_NO_COMMON_BLOCKS = YES;
				GCC_OPTIMIZATION_LEVEL = 0;
				GCC_PREPROCESSOR_DEFINITIONS = (
					"DEBUG=1",
					"$(inherited)",
				);
				GCC_SYMBOLS_PRIVATE_EXTERN = NO;
				GCC_WARN_64_TO_32_BIT_CONVERSION = YES;
				GCC_WARN_ABOUT_RETURN_TYPE = YES_ERROR;
				GCC_WARN_UNDECLARED_SELECTOR = YES;
				GCC_WARN_UNINITIALIZED_AUTOS = YES_AGGRESSIVE;
				GCC_WARN_UNUSED_FUNCTION = YES;
				GCC_WARN_UNUSED_VARIABLE = YES;
				IPHONEOS_DEPLOYMENT_TARGET = 8.4;
				MTL_ENABLE_DEBUG_INFO = YES;
				ONLY_ACTIVE_ARCH = YES;
				SDKROOT = iphoneos;
				SWIFT_OPTIMIZATION_LEVEL = "-Onone";
			};
			name = Debug;
		};
		ADA0B1751B8399AD004634A7 /* Release */ = {
			isa = XCBuildConfiguration;
			buildSettings = {
				ALWAYS_SEARCH_USER_PATHS = NO;
				CLANG_CXX_LANGUAGE_STANDARD = "gnu++0x";
				CLANG_CXX_LIBRARY = "libc++";
				CLANG_ENABLE_MODULES = YES;
				CLANG_ENABLE_OBJC_ARC = YES;
				CLANG_WARN_BOOL_CONVERSION = YES;
				CLANG_WARN_CONSTANT_CONVERSION = YES;
				CLANG_WARN_DIRECT_OBJC_ISA_USAGE = YES_ERROR;
				CLANG_WARN_EMPTY_BODY = YES;
				CLANG_WARN_ENUM_CONVERSION = YES;
				CLANG_WARN_INT_CONVERSION = YES;
				CLANG_WARN_OBJC_ROOT_CLASS = YES_ERROR;
				CLANG_WARN_UNREACHABLE_CODE = YES;
				CLANG_WARN__DUPLICATE_METHOD_MATCH = YES;
				"CODE_SIGN_IDENTITY[sdk=iphoneos*]" = "iPhone Developer";
				COPY_PHASE_STRIP = NO;
				DEBUG_INFORMATION_FORMAT = "dwarf-with-dsym";
				ENABLE_NS_ASSERTIONS = NO;
				ENABLE_STRICT_OBJC_MSGSEND = YES;
				GCC_C_LANGUAGE_STANDARD = gnu99;
				GCC_NO_COMMON_BLOCKS = YES;
				GCC_WARN_64_TO_32_BIT_CONVERSION = YES;
				GCC_WARN_ABOUT_RETURN_TYPE = YES_ERROR;
				GCC_WARN_UNDECLARED_SELECTOR = YES;
				GCC_WARN_UNINITIALIZED_AUTOS = YES_AGGRESSIVE;
				GCC_WARN_UNUSED_FUNCTION = YES;
				GCC_WARN_UNUSED_VARIABLE = YES;
				IPHONEOS_DEPLOYMENT_TARGET = 8.4;
				MTL_ENABLE_DEBUG_INFO = NO;
				SDKROOT = iphoneos;
				VALIDATE_PRODUCT = YES;
			};
			name = Release;
		};
		ADA0B1771B8399AD004634A7 /* Debug */ = {
			isa = XCBuildConfiguration;
			buildSettings = {
				ASSETCATALOG_COMPILER_APPICON_NAME = AppIcon;
				INFOPLIST_FILE = MiniChallange2/Info.plist;
				LD_RUNPATH_SEARCH_PATHS = "$(inherited) @executable_path/Frameworks";
				PRODUCT_NAME = "$(TARGET_NAME)";
			};
			name = Debug;
		};
		ADA0B1781B8399AD004634A7 /* Release */ = {
			isa = XCBuildConfiguration;
			buildSettings = {
				ASSETCATALOG_COMPILER_APPICON_NAME = AppIcon;
				INFOPLIST_FILE = MiniChallange2/Info.plist;
				LD_RUNPATH_SEARCH_PATHS = "$(inherited) @executable_path/Frameworks";
				PRODUCT_NAME = "$(TARGET_NAME)";
			};
			name = Release;
		};
		ADA0B17A1B8399AD004634A7 /* Debug */ = {
			isa = XCBuildConfiguration;
			buildSettings = {
				BUNDLE_LOADER = "$(TEST_HOST)";
				FRAMEWORK_SEARCH_PATHS = (
					"$(SDKROOT)/Developer/Library/Frameworks",
					"$(inherited)",
				);
				GCC_PREPROCESSOR_DEFINITIONS = (
					"DEBUG=1",
					"$(inherited)",
				);
				INFOPLIST_FILE = MiniChallange2Tests/Info.plist;
				LD_RUNPATH_SEARCH_PATHS = "$(inherited) @executable_path/Frameworks @loader_path/Frameworks";
				PRODUCT_NAME = "$(TARGET_NAME)";
				TEST_HOST = "$(BUILT_PRODUCTS_DIR)/MiniChallange2.app/MiniChallange2";
			};
			name = Debug;
		};
		ADA0B17B1B8399AD004634A7 /* Release */ = {
			isa = XCBuildConfiguration;
			buildSettings = {
				BUNDLE_LOADER = "$(TEST_HOST)";
				FRAMEWORK_SEARCH_PATHS = (
					"$(SDKROOT)/Developer/Library/Frameworks",
					"$(inherited)",
				);
				INFOPLIST_FILE = MiniChallange2Tests/Info.plist;
				LD_RUNPATH_SEARCH_PATHS = "$(inherited) @executable_path/Frameworks @loader_path/Frameworks";
				PRODUCT_NAME = "$(TARGET_NAME)";
				TEST_HOST = "$(BUILT_PRODUCTS_DIR)/MiniChallange2.app/MiniChallange2";
			};
			name = Release;
		};
/* End XCBuildConfiguration section */

/* Begin XCConfigurationList section */
		ADA0B14F1B8399AD004634A7 /* Build configuration list for PBXProject "MiniChallange2" */ = {
			isa = XCConfigurationList;
			buildConfigurations = (
				ADA0B1741B8399AD004634A7 /* Debug */,
				ADA0B1751B8399AD004634A7 /* Release */,
			);
			defaultConfigurationIsVisible = 0;
			defaultConfigurationName = Release;
		};
		ADA0B1761B8399AD004634A7 /* Build configuration list for PBXNativeTarget "MiniChallange2" */ = {
			isa = XCConfigurationList;
			buildConfigurations = (
				ADA0B1771B8399AD004634A7 /* Debug */,
				ADA0B1781B8399AD004634A7 /* Release */,
			);
			defaultConfigurationIsVisible = 0;
			defaultConfigurationName = Release;
		};
		ADA0B1791B8399AD004634A7 /* Build configuration list for PBXNativeTarget "MiniChallange2Tests" */ = {
			isa = XCConfigurationList;
			buildConfigurations = (
				ADA0B17A1B8399AD004634A7 /* Debug */,
				ADA0B17B1B8399AD004634A7 /* Release */,
			);
			defaultConfigurationIsVisible = 0;
			defaultConfigurationName = Release;
		};
/* End XCConfigurationList section */

/* Begin XCVersionGroup section */
		ADA0B15B1B8399AD004634A7 /* MiniChallange2.xcdatamodeld */ = {
			isa = XCVersionGroup;
			children = (
				ADA0B15C1B8399AD004634A7 /* MiniChallange2.xcdatamodel */,
			);
			currentVersion = ADA0B15C1B8399AD004634A7 /* MiniChallange2.xcdatamodel */;
			path = MiniChallange2.xcdatamodeld;
			sourceTree = "<group>";
			versionGroupType = wrapper.xcdatamodel;
		};
/* End XCVersionGroup section */
	};
	rootObject = ADA0B14C1B8399AD004634A7 /* Project object */;
}
